{
  "name": "restful_api_assessment",
  "version": "1.0.0",
  "lockfileVersion": 3,
  "requires": true,
  "packages": {
    "": {
      "name": "restful_api_assessment",
      "version": "1.0.0",
      "license": "ISC",
      "dependencies": {
        "pnpm": "^9.1.4"
      }
    },
    "node_modules/pnpm": {
      "version": "9.1.4",
      "resolved": "https://registry.npmjs.org/pnpm/-/pnpm-9.1.4.tgz",
      "integrity": "sha512-nfnPJ8kXFWRsfWddHJyOQfb86IJG8TGMGqah7RrrPE8DL830umPMacT+bWNCeRdrU1hyfY8sweZbZfQ84vi/sA==",
      "bin": {
        "pnpm": "bin/pnpm.cjs",
        "pnpx": "bin/pnpx.cjs"
      },
      "engines": {
        "node": ">=18.12"
      },
      "funding": {
        "url": "https://opencollective.com/pnpm"
      }
    }
  }
}
