{
  "name": "backend",
  "version": "1.0.0",
  "lockfileVersion": 3,
  "requires": true,
  "packages": {
    "": {
      "name": "backend",
      "version": "1.0.0",
      "license": "ISC",
      "dependencies": {
        "pnpm": "^9.2.0"
      }
    },
    "node_modules/pnpm": {
      "version": "9.2.0",
      "resolved": "https://registry.npmjs.org/pnpm/-/pnpm-9.2.0.tgz",
      "integrity": "sha512-mKgP0RwucJZ0d2IwQQZDKz3cZ9z1S1qMAck/aKLNXgXmghhJUioG+3YoTUGiZg1eM08u47vykYO/LnObHa+ncQ==",
      "bin": {
        "pnpm": "bin/pnpm.cjs",
        "pnpx": "bin/pnpx.cjs"
      },
      "engines": {
        "node": ">=18.12"
      },
      "funding": {
        "url": "https://opencollective.com/pnpm"
      }
    }
  }
}
